
Microsoft Visual Studio Solution File, Format Version 12.00
# Visual Studio Version 16
VisualStudioVersion = 16.0.29519.181
MinimumVisualStudioVersion = 10.0.40219.1
Project("{FAE04EC0-301F-11D3-BF4B-00C04F79EFBC}") = "akaryatıtprojesi", "akaryatıtprojesi\akaryatıtprojesi.csproj", "{1669951C-2F08-4E4B-AEE9-8DBBD4354C22}"
EndProject
Global
	GlobalSection(SolutionConfigurationPlatforms) = preSolution
		Debug|Any CPU = Debug|Any CPU
		Release|Any CPU = Release|Any CPU
	EndGlobalSection
	GlobalSection(ProjectConfigurationPlatforms) = postSolution
		{1669951C-2F08-4E4B-AEE9-8DBBD4354C22}.Debug|Any CPU.ActiveCfg = Debug|Any CPU
		{1669951C-2F08-4E4B-AEE9-8DBBD4354C22}.Debug|Any CPU.Build.0 = Debug|Any CPU
		{1669951C-2F08-4E4B-AEE9-8DBBD4354C22}.Release|Any CPU.ActiveCfg = Release|Any CPU
		{1669951C-2F08-4E4B-AEE9-8DBBD4354C22}.Release|Any CPU.Build.0 = Release|Any CPU
	EndGlobalSection
	GlobalSection(SolutionProperties) = preSolution
		HideSolutionNode = FALSE
	EndGlobalSection
	GlobalSection(ExtensibilityGlobals) = postSolution
		SolutionGuid = {92DEAA77-39AC-4FF3-B0C1-92B67C7300C7}
	EndGlobalSection
EndGlobal
